
Microsoft Visual Studio Solution File, Format Version 12.00
# Visual Studio Version 16
VisualStudioVersion = 16.0.29926.136
MinimumVisualStudioVersion = 10.0.40219.1
Project("{FAE04EC0-301F-11D3-BF4B-00C04F79EFBC}") = "Part2_Exercise1", "Part2_Excercise1\Part2_Exercise1.csproj", "{935B1E9A-751E-4726-A46A-28666DEE61A7}"
EndProject
Project("{FAE04EC0-301F-11D3-BF4B-00C04F79EFBC}") = "Part2_Exercise2", "Part2_Exercise2\Part2_Exercise2.csproj", "{A639C400-C146-4182-9DCF-C66CFC49F5B3}"
EndProject
Project("{FAE04EC0-301F-11D3-BF4B-00C04F79EFBC}") = "Part2_Exercise3", "Part2_Exercise3\Part2_Exercise3.csproj", "{D5AEA2E1-DAE8-4EF7-88D9-43C289A8DECF}"
EndProject
Global
	GlobalSection(SolutionConfigurationPlatforms) = preSolution
		Debug|Any CPU = Debug|Any CPU
		Release|Any CPU = Release|Any CPU
	EndGlobalSection
	GlobalSection(ProjectConfigurationPlatforms) = postSolution
		{935B1E9A-751E-4726-A46A-28666DEE61A7}.Debug|Any CPU.ActiveCfg = Debug|Any CPU
		{935B1E9A-751E-4726-A46A-28666DEE61A7}.Debug|Any CPU.Build.0 = Debug|Any CPU
		{935B1E9A-751E-4726-A46A-28666DEE61A7}.Release|Any CPU.ActiveCfg = Release|Any CPU
		{935B1E9A-751E-4726-A46A-28666DEE61A7}.Release|Any CPU.Build.0 = Release|Any CPU
		{A639C400-C146-4182-9DCF-C66CFC49F5B3}.Debug|Any CPU.ActiveCfg = Debug|Any CPU
		{A639C400-C146-4182-9DCF-C66CFC49F5B3}.Debug|Any CPU.Build.0 = Debug|Any CPU
		{A639C400-C146-4182-9DCF-C66CFC49F5B3}.Release|Any CPU.ActiveCfg = Release|Any CPU
		{A639C400-C146-4182-9DCF-C66CFC49F5B3}.Release|Any CPU.Build.0 = Release|Any CPU
		{D5AEA2E1-DAE8-4EF7-88D9-43C289A8DECF}.Debug|Any CPU.ActiveCfg = Debug|Any CPU
		{D5AEA2E1-DAE8-4EF7-88D9-43C289A8DECF}.Debug|Any CPU.Build.0 = Debug|Any CPU
		{D5AEA2E1-DAE8-4EF7-88D9-43C289A8DECF}.Release|Any CPU.ActiveCfg = Release|Any CPU
		{D5AEA2E1-DAE8-4EF7-88D9-43C289A8DECF}.Release|Any CPU.Build.0 = Release|Any CPU
	EndGlobalSection
	GlobalSection(SolutionProperties) = preSolution
		HideSolutionNode = FALSE
	EndGlobalSection
	GlobalSection(ExtensibilityGlobals) = postSolution
		SolutionGuid = {DC371A1E-DFB6-4DEE-8F93-D119E46FEFCC}
	EndGlobalSection
EndGlobal
